
Microsoft Visual Studio Solution File, Format Version 12.00
# Visual Studio Version 16
VisualStudioVersion = 16.0.33529.622
MinimumVisualStudioVersion = 10.0.40219.1
Project("{FAE04EC0-301F-11D3-BF4B-00C04F79EFBC}") = "Projeto_DS", "Projeto_DS\Projeto_DS.csproj", "{48499745-C5BB-4320-AA89-9ADF0ABBC741}"
EndProject
Global
	GlobalSection(SolutionConfigurationPlatforms) = preSolution
		Debug|Any CPU = Debug|Any CPU
		Release|Any CPU = Release|Any CPU
	EndGlobalSection
	GlobalSection(ProjectConfigurationPlatforms) = postSolution
		{48499745-C5BB-4320-AA89-9ADF0ABBC741}.Debug|Any CPU.ActiveCfg = Debug|Any CPU
		{48499745-C5BB-4320-AA89-9ADF0ABBC741}.Debug|Any CPU.Build.0 = Debug|Any CPU
		{48499745-C5BB-4320-AA89-9ADF0ABBC741}.Release|Any CPU.ActiveCfg = Release|Any CPU
		{48499745-C5BB-4320-AA89-9ADF0ABBC741}.Release|Any CPU.Build.0 = Release|Any CPU
	EndGlobalSection
	GlobalSection(SolutionProperties) = preSolution
		HideSolutionNode = FALSE
	EndGlobalSection
	GlobalSection(ExtensibilityGlobals) = postSolution
		SolutionGuid = {CF1AC5C6-565B-4162-A6CD-37BDA8C2017F}
	EndGlobalSection
EndGlobal
